
Microsoft Visual Studio Solution File, Format Version 12.00
# Visual Studio Version 17
VisualStudioVersion = 17.9.34622.214
MinimumVisualStudioVersion = 10.0.40219.1
Project("{FAE04EC0-301F-11D3-BF4B-00C04F79EFBC}") = "WindowsTotalBuildAssistant", "WindowsTotalBuildAssistant.csproj", "{369FDE74-5446-495F-A736-4BB747E1C8A4}"
EndProject
Global
	GlobalSection(SolutionConfigurationPlatforms) = preSolution
		Debug|Any CPU = Debug|Any CPU
		Release|Any CPU = Release|Any CPU
	EndGlobalSection
	GlobalSection(ProjectConfigurationPlatforms) = postSolution
		{369FDE74-5446-495F-A736-4BB747E1C8A4}.Debug|Any CPU.ActiveCfg = Debug|Any CPU
		{369FDE74-5446-495F-A736-4BB747E1C8A4}.Debug|Any CPU.Build.0 = Debug|Any CPU
		{369FDE74-5446-495F-A736-4BB747E1C8A4}.Release|Any CPU.ActiveCfg = Release|Any CPU
		{369FDE74-5446-495F-A736-4BB747E1C8A4}.Release|Any CPU.Build.0 = Release|Any CPU
	EndGlobalSection
	GlobalSection(SolutionProperties) = preSolution
		HideSolutionNode = FALSE
	EndGlobalSection
	GlobalSection(ExtensibilityGlobals) = postSolution
		SolutionGuid = {C6A9B6F1-32BA-474A-9205-F5C1471FDE60}
	EndGlobalSection
EndGlobal
